Microsoft Visual Studio Solution File, Format Version 12.00
# Visual Studio Version 17
VisualStudioVersion = 17.5.2.0
MinimumVisualStudioVersion = 10.0.40219.1
Project("{FAE04EC0-301F-11D3-BF4B-00C04F79EFBC}") = "RuntimeContext", "RuntimeContext.csproj", "{2EB1B0C9-DAA2-49A1-B57C-0339112B3B59}"
EndProject
Global
	GlobalSection(SolutionConfigurationPlatforms) = preSolution
		Debug|Any CPU = Debug|Any CPU
		Release|Any CPU = Release|Any CPU
	EndGlobalSection
	GlobalSection(ProjectConfigurationPlatforms) = postSolution
		{2EB1B0C9-DAA2-49A1-B57C-0339112B3B59}.Debug|Any CPU.ActiveCfg = Debug|Any CPU
		{2EB1B0C9-DAA2-49A1-B57C-0339112B3B59}.Debug|Any CPU.Build.0 = Debug|Any CPU
		{2EB1B0C9-DAA2-49A1-B57C-0339112B3B59}.Release|Any CPU.ActiveCfg = Release|Any CPU
		{2EB1B0C9-DAA2-49A1-B57C-0339112B3B59}.Release|Any CPU.Build.0 = Release|Any CPU
	EndGlobalSection
	GlobalSection(SolutionProperties) = preSolution
		HideSolutionNode = FALSE
	EndGlobalSection
	GlobalSection(ExtensibilityGlobals) = postSolution
		SolutionGuid = {67AAA1E3-9213-403E-A4DF-E64FEAEF8A63}
	EndGlobalSection
EndGlobal
